
Microsoft Visual Studio Solution File, Format Version 12.00
# Visual Studio Version 16
VisualStudioVersion = 16.0.808.4
MinimumVisualStudioVersion = 10.0.40219.1
Project("{FAE04EC0-301F-11D3-BF4B-00C04F79EFBC}") = "Cupcakes.Android", "Cupcakes.Android\Cupcakes.Android.csproj", "{86F950F7-FBC7-46AD-8BA5-A034DFDF5AA1}"
EndProject
Project("{FAE04EC0-301F-11D3-BF4B-00C04F79EFBC}") = "Cupcakes.iOS", "Cupcakes.iOS\Cupcakes.iOS.csproj", "{80126014-698A-4D6B-A190-B7488A0EB857}"
EndProject
Project("{FAE04EC0-301F-11D3-BF4B-00C04F79EFBC}") = "Cupcakes", "Cupcakes\Cupcakes.csproj", "{59426A9D-6D6B-4D94-B683-A13196729171}"
EndProject
Global
	GlobalSection(SolutionConfigurationPlatforms) = preSolution
		Debug|Any CPU = Debug|Any CPU
		Release|Any CPU = Release|Any CPU
		Debug|iPhoneSimulator = Debug|iPhoneSimulator
		Release|iPhoneSimulator = Release|iPhoneSimulator
		Debug|iPhone = Debug|iPhone
		Release|iPhone = Release|iPhone
	EndGlobalSection
	GlobalSection(ProjectConfigurationPlatforms) = postSolution
		{86F950F7-FBC7-46AD-8BA5-A034DFDF5AA1}.Debug|Any CPU.ActiveCfg = Debug|Any CPU
		{86F950F7-FBC7-46AD-8BA5-A034DFDF5AA1}.Debug|Any CPU.Build.0 = Debug|Any CPU
		{86F950F7-FBC7-46AD-8BA5-A034DFDF5AA1}.Release|Any CPU.ActiveCfg = Release|Any CPU
		{86F950F7-FBC7-46AD-8BA5-A034DFDF5AA1}.Release|Any CPU.Build.0 = Release|Any CPU
		{86F950F7-FBC7-46AD-8BA5-A034DFDF5AA1}.Debug|iPhoneSimulator.ActiveCfg = Debug|Any CPU
		{86F950F7-FBC7-46AD-8BA5-A034DFDF5AA1}.Debug|iPhoneSimulator.Build.0 = Debug|Any CPU
		{86F950F7-FBC7-46AD-8BA5-A034DFDF5AA1}.Release|iPhoneSimulator.ActiveCfg = Release|Any CPU
		{86F950F7-FBC7-46AD-8BA5-A034DFDF5AA1}.Release|iPhoneSimulator.Build.0 = Release|Any CPU
		{86F950F7-FBC7-46AD-8BA5-A034DFDF5AA1}.Debug|iPhone.ActiveCfg = Debug|Any CPU
		{86F950F7-FBC7-46AD-8BA5-A034DFDF5AA1}.Debug|iPhone.Build.0 = Debug|Any CPU
		{86F950F7-FBC7-46AD-8BA5-A034DFDF5AA1}.Release|iPhone.ActiveCfg = Release|Any CPU
		{86F950F7-FBC7-46AD-8BA5-A034DFDF5AA1}.Release|iPhone.Build.0 = Release|Any CPU
		{80126014-698A-4D6B-A190-B7488A0EB857}.Debug|Any CPU.ActiveCfg = Debug|iPhoneSimulator
		{80126014-698A-4D6B-A190-B7488A0EB857}.Debug|Any CPU.Build.0 = Debug|iPhoneSimulator
		{80126014-698A-4D6B-A190-B7488A0EB857}.Release|Any CPU.ActiveCfg = Release|iPhoneSimulator
		{80126014-698A-4D6B-A190-B7488A0EB857}.Release|Any CPU.Build.0 = Release|iPhoneSimulator
		{80126014-698A-4D6B-A190-B7488A0EB857}.Debug|iPhoneSimulator.ActiveCfg = Debug|iPhoneSimulator
		{80126014-698A-4D6B-A190-B7488A0EB857}.Debug|iPhoneSimulator.Build.0 = Debug|iPhoneSimulator
		{80126014-698A-4D6B-A190-B7488A0EB857}.Release|iPhoneSimulator.ActiveCfg = Release|iPhoneSimulator
		{80126014-698A-4D6B-A190-B7488A0EB857}.Release|iPhoneSimulator.Build.0 = Release|iPhoneSimulator
		{80126014-698A-4D6B-A190-B7488A0EB857}.Debug|iPhone.ActiveCfg = Debug|iPhone
		{80126014-698A-4D6B-A190-B7488A0EB857}.Debug|iPhone.Build.0 = Debug|iPhone
		{80126014-698A-4D6B-A190-B7488A0EB857}.Release|iPhone.ActiveCfg = Release|iPhone
		{80126014-698A-4D6B-A190-B7488A0EB857}.Release|iPhone.Build.0 = Release|iPhone
		{59426A9D-6D6B-4D94-B683-A13196729171}.Debug|Any CPU.ActiveCfg = Debug|Any CPU
		{59426A9D-6D6B-4D94-B683-A13196729171}.Debug|Any CPU.Build.0 = Debug|Any CPU
		{59426A9D-6D6B-4D94-B683-A13196729171}.Release|Any CPU.ActiveCfg = Release|Any CPU
		{59426A9D-6D6B-4D94-B683-A13196729171}.Release|Any CPU.Build.0 = Release|Any CPU
		{59426A9D-6D6B-4D94-B683-A13196729171}.Debug|iPhoneSimulator.ActiveCfg = Debug|Any CPU
		{59426A9D-6D6B-4D94-B683-A13196729171}.Debug|iPhoneSimulator.Build.0 = Debug|Any CPU
		{59426A9D-6D6B-4D94-B683-A13196729171}.Release|iPhoneSimulator.ActiveCfg = Release|Any CPU
		{59426A9D-6D6B-4D94-B683-A13196729171}.Release|iPhoneSimulator.Build.0 = Release|Any CPU
		{59426A9D-6D6B-4D94-B683-A13196729171}.Debug|iPhone.ActiveCfg = Debug|Any CPU
		{59426A9D-6D6B-4D94-B683-A13196729171}.Debug|iPhone.Build.0 = Debug|Any CPU
		{59426A9D-6D6B-4D94-B683-A13196729171}.Release|iPhone.ActiveCfg = Release|Any CPU
		{59426A9D-6D6B-4D94-B683-A13196729171}.Release|iPhone.Build.0 = Release|Any CPU
	EndGlobalSection
	GlobalSection(SolutionProperties) = preSolution
		HideSolutionNode = FALSE
	EndGlobalSection
	GlobalSection(ExtensibilityGlobals) = postSolution
		SolutionGuid = {C41A35D1-C7BA-4E77-B7C4-F43C3853AE57}
	EndGlobalSection
EndGlobal
